
Microsoft Visual Studio Solution File, Format Version 12.00
# Visual Studio Version 17
VisualStudioVersion = 17.9.34728.123
MinimumVisualStudioVersion = 10.0.40219.1
Project("{FAE04EC0-301F-11D3-BF4B-00C04F79EFBC}") = "apngtest", "apngtest\apngtest.csproj", "{AC212692-5CB7-4321-96CA-5D5AA111421F}"
EndProject
Global
	GlobalSection(SolutionConfigurationPlatforms) = preSolution
		Debug|Any CPU = Debug|Any CPU
		Release|Any CPU = Release|Any CPU
	EndGlobalSection
	GlobalSection(ProjectConfigurationPlatforms) = postSolution
		{AC212692-5CB7-4321-96CA-5D5AA111421F}.Debug|Any CPU.ActiveCfg = Debug|Any CPU
		{AC212692-5CB7-4321-96CA-5D5AA111421F}.Debug|Any CPU.Build.0 = Debug|Any CPU
		{AC212692-5CB7-4321-96CA-5D5AA111421F}.Release|Any CPU.ActiveCfg = Release|Any CPU
		{AC212692-5CB7-4321-96CA-5D5AA111421F}.Release|Any CPU.Build.0 = Release|Any CPU
	EndGlobalSection
	GlobalSection(SolutionProperties) = preSolution
		HideSolutionNode = FALSE
	EndGlobalSection
	GlobalSection(ExtensibilityGlobals) = postSolution
		SolutionGuid = {B6B80A35-3D82-49A1-B21E-6EB51DEFC4B1}
	EndGlobalSection
EndGlobal
